// !$*UTF8*$!
{
	archiveVersion = 1;
	classes = {
	};
	objectVersion = 51;
	objects = {

/* Begin PBXBuildFile section */
		B500C2B52580AF6800D00AFB /* ChangePasswordVC.swift in Sources */ = {isa = PBXBuildFile; fileRef = B500C2B42580AF6700D00AFB /* ChangePasswordVC.swift */; };
		B500C2BB2580DA5E00D00AFB /* NotificationTableViewCell.swift in Sources */ = {isa = PBXBuildFile; fileRef = B500C2BA2580DA5E00D00AFB /* NotificationTableViewCell.swift */; };
		B55256B7257E1D2F000D24DA /* AppDelegate.swift in Sources */ = {isa = PBXBuildFile; fileRef = B55256B6257E1D2F000D24DA /* AppDelegate.swift */; };
		B55256B9257E1D2F000D24DA /* SceneDelegate.swift in Sources */ = {isa = PBXBuildFile; fileRef = B55256B8257E1D2F000D24DA /* SceneDelegate.swift */; };
		B55256BB257E1D2F000D24DA /* HomeVC.swift in Sources */ = {isa = PBXBuildFile; fileRef = B55256BA257E1D2F000D24DA /* HomeVC.swift */; };
		B55256BE257E1D2F000D24DA /* Main.storyboard in Resources */ = {isa = PBXBuildFile; fileRef = B55256BC257E1D2F000D24DA /* Main.storyboard */; };
		B55256C0257E1D30000D24DA /* Assets.xcassets in Resources */ = {isa = PBXBuildFile; fileRef = B55256BF257E1D30000D24DA /* Assets.xcassets */; };
		B55256C3257E1D30000D24DA /* LaunchScreen.storyboard in Resources */ = {isa = PBXBuildFile; fileRef = B55256C1257E1D30000D24DA /* LaunchScreen.storyboard */; };
		B55256CC257E223E000D24DA /* LoginVC.swift in Sources */ = {isa = PBXBuildFile; fileRef = B55256CB257E223E000D24DA /* LoginVC.swift */; };
		B55256CF257E224C000D24DA /* RegisterVC.swift in Sources */ = {isa = PBXBuildFile; fileRef = B55256CE257E224C000D24DA /* RegisterVC.swift */; };
		B55D818C258B9A970061B0AA /* DatabaseManager.swift in Sources */ = {isa = PBXBuildFile; fileRef = B55D818B258B9A970061B0AA /* DatabaseManager.swift */; };
		B55D818F258B9ABA0061B0AA /* StorageManager.swift in Sources */ = {isa = PBXBuildFile; fileRef = B55D818E258B9ABA0061B0AA /* StorageManager.swift */; };
		B583A73825824D260036F17C /* ProfileVC.swift in Sources */ = {isa = PBXBuildFile; fileRef = B583A73725824D260036F17C /* ProfileVC.swift */; };
		B59931D62582258D00D9D857 /* PostHeaderTableViewCell.swift in Sources */ = {isa = PBXBuildFile; fileRef = B59931D52582258D00D9D857 /* PostHeaderTableViewCell.swift */; };
		B59931D9258225AC00D9D857 /* PostTableViewCell.swift in Sources */ = {isa = PBXBuildFile; fileRef = B59931D8258225AC00D9D857 /* PostTableViewCell.swift */; };
		B59931DC258225CB00D9D857 /* PostActionsTableViewCell.swift in Sources */ = {isa = PBXBuildFile; fileRef = B59931DB258225CB00D9D857 /* PostActionsTableViewCell.swift */; };
		B5CD10BD257E29DC00E493F6 /* SettingsVC.swift in Sources */ = {isa = PBXBuildFile; fileRef = B5CD10BC257E29DC00E493F6 /* SettingsVC.swift */; };
		B5CD10C1257E29EC00E493F6 /* NotificationsVC.swift in Sources */ = {isa = PBXBuildFile; fileRef = B5CD10C0257E29EC00E493F6 /* NotificationsVC.swift */; };
		B5CD10C4257E2A0000E493F6 /* AddMushroomsVC.swift in Sources */ = {isa = PBXBuildFile; fileRef = B5CD10C3257E2A0000E493F6 /* AddMushroomsVC.swift */; };
		B5CD10C7257E2A1700E493F6 /* MapsVC.swift in Sources */ = {isa = PBXBuildFile; fileRef = B5CD10C6257E2A1700E493F6 /* MapsVC.swift */; };
		B5CD10CE257E339300E493F6 /* IconTextButton.swift in Sources */ = {isa = PBXBuildFile; fileRef = B5CD10CD257E339300E493F6 /* IconTextButton.swift */; };
		B5CD10DD257E35E300E493F6 /* Roboto-Bold.ttf in Resources */ = {isa = PBXBuildFile; fileRef = B5CD10D1257E35E200E493F6 /* Roboto-Bold.ttf */; };
		B5CD10DE257E35E300E493F6 /* Roboto-BlackItalic.ttf in Resources */ = {isa = PBXBuildFile; fileRef = B5CD10D2257E35E200E493F6 /* Roboto-BlackItalic.ttf */; };
		B5CD10DF257E35E300E493F6 /* Roboto-LightItalic.ttf in Resources */ = {isa = PBXBuildFile; fileRef = B5CD10D3257E35E200E493F6 /* Roboto-LightItalic.ttf */; };
		B5CD10E0257E35E300E493F6 /* Roboto-Medium.ttf in Resources */ = {isa = PBXBuildFile; fileRef = B5CD10D4257E35E300E493F6 /* Roboto-Medium.ttf */; };
		B5CD10E1257E35E300E493F6 /* Roboto-Light.ttf in Resources */ = {isa = PBXBuildFile; fileRef = B5CD10D5257E35E300E493F6 /* Roboto-Light.ttf */; };
		B5CD10E2257E35E300E493F6 /* Roboto-MediumItalic.ttf in Resources */ = {isa = PBXBuildFile; fileRef = B5CD10D6257E35E300E493F6 /* Roboto-MediumItalic.ttf */; };
		B5CD10E3257E35E300E493F6 /* Roboto-Black.ttf in Resources */ = {isa = PBXBuildFile; fileRef = B5CD10D7257E35E300E493F6 /* Roboto-Black.ttf */; };
		B5CD10E4257E35E300E493F6 /* Roboto-Thin.ttf in Resources */ = {isa = PBXBuildFile; fileRef = B5CD10D8257E35E300E493F6 /* Roboto-Thin.ttf */; };
		B5CD10E5257E35E300E493F6 /* Roboto-Regular.ttf in Resources */ = {isa = PBXBuildFile; fileRef = B5CD10D9257E35E300E493F6 /* Roboto-Regular.ttf */; };
		B5CD10E6257E35E300E493F6 /* Roboto-Italic.ttf in Resources */ = {isa = PBXBuildFile; fileRef = B5CD10DA257E35E300E493F6 /* Roboto-Italic.ttf */; };
		B5CD10E7257E35E300E493F6 /* Roboto-ThinItalic.ttf in Resources */ = {isa = PBXBuildFile; fileRef = B5CD10DB257E35E300E493F6 /* Roboto-ThinItalic.ttf */; };
		B5CD10E8257E35E300E493F6 /* Roboto-BoldItalic.ttf in Resources */ = {isa = PBXBuildFile; fileRef = B5CD10DC257E35E300E493F6 /* Roboto-BoldItalic.ttf */; };
		B5CD10EB257E3DDA00E493F6 /* Extension.swift in Sources */ = {isa = PBXBuildFile; fileRef = B5CD10EA257E3DDA00E493F6 /* Extension.swift */; };
		B5FAC84A257F6C3E00ED025F /* ForgotPasswordVC.swift in Sources */ = {isa = PBXBuildFile; fileRef = B5FAC849257F6C3E00ED025F /* ForgotPasswordVC.swift */; };
		B5FAC852257F724E00ED025F /* TextButton.swift in Sources */ = {isa = PBXBuildFile; fileRef = B5FAC851257F724E00ED025F /* TextButton.swift */; };
		B5FAC859257F7F9000ED025F /* LocationVC.swift in Sources */ = {isa = PBXBuildFile; fileRef = B5FAC858257F7F9000ED025F /* LocationVC.swift */; };
		B5FAC85D257F9F0800ED025F /* EditProfileVC.swift in Sources */ = {isa = PBXBuildFile; fileRef = B5FAC85C257F9F0800ED025F /* EditProfileVC.swift */; };
		B5FD0BE0258622CC00E9B05A /* Models.swift in Sources */ = {isa = PBXBuildFile; fileRef = B5FD0BDF258622CC00E9B05A /* Models.swift */; };
		D39847F85A2A1EE263BF8F3D /* Pods_Mushrooms.framework in Frameworks */ = {isa = PBXBuildFile; fileRef = C2F3BB30E34DF5AA27262382 /* Pods_Mushrooms.framework */; };
/* End PBXBuildFile section */

/* Begin PBXFileReference section */
		802C8975F642B867D5C8B740 /* Pods-Mushrooms.release.xcconfig */ = {isa = PBXFileReference; includeInIndex = 1; lastKnownFileType = text.xcconfig; name = "Pods-Mushrooms.release.xcconfig"; path = "Target Support Files/Pods-Mushrooms/Pods-Mushrooms.release.xcconfig"; sourceTree = "<group>"; };
		B500C2B42580AF6700D00AFB /* ChangePasswordVC.swift */ = {isa = PBXFileReference; lastKnownFileType = sourcecode.swift; path = ChangePasswordVC.swift; sourceTree = "<group>"; };
		B500C2BA2580DA5E00D00AFB /* NotificationTableViewCell.swift */ = {isa = PBXFileReference; lastKnownFileType = sourcecode.swift; path = NotificationTableViewCell.swift; sourceTree = "<group>"; };
		B55256B3257E1D2F000D24DA /* Mushrooms.app */ = {isa = PBXFileReference; explicitFileType = wrapper.application; includeInIndex = 0; path = Mushrooms.app; sourceTree = BUILT_PRODUCTS_DIR; };
		B55256B6257E1D2F000D24DA /* AppDelegate.swift */ = {isa = PBXFileReference; lastKnownFileType = sourcecode.swift; path = AppDelegate.swift; sourceTree = "<group>"; };
		B55256B8257E1D2F000D24DA /* SceneDelegate.swift */ = {isa = PBXFileReference; lastKnownFileType = sourcecode.swift; path = SceneDelegate.swift; sourceTree = "<group>"; };
		B55256BA257E1D2F000D24DA /* HomeVC.swift */ = {isa = PBXFileReference; lastKnownFileType = sourcecode.swift; path = HomeVC.swift; sourceTree = "<group>"; };
		B55256BD257E1D2F000D24DA /* Base */ = {isa = PBXFileReference; lastKnownFileType = file.storyboard; name = Base; path = Base.lproj/Main.storyboard; sourceTree = "<group>"; };
		B55256BF257E1D30000D24DA /* Assets.xcassets */ = {isa = PBXFileReference; lastKnownFileType = folder.assetcatalog; path = Assets.xcassets; sourceTree = "<group>"; };
		B55256C2257E1D30000D24DA /* Base */ = {isa = PBXFileReference; lastKnownFileType = file.storyboard; name = Base; path = Base.lproj/LaunchScreen.storyboard; sourceTree = "<group>"; };
		B55256C4257E1D30000D24DA /* Info.plist */ = {isa = PBXFileReference; lastKnownFileType = text.plist.xml; path = Info.plist; sourceTree = "<group>"; };
		B55256CB257E223E000D24DA /* LoginVC.swift */ = {isa = PBXFileReference; lastKnownFileType = sourcecode.swift; path = LoginVC.swift; sourceTree = "<group>"; };
		B55256CE257E224C000D24DA /* RegisterVC.swift */ = {isa = PBXFileReference; lastKnownFileType = sourcecode.swift; path = RegisterVC.swift; sourceTree = "<group>"; };
		B55D818B258B9A970061B0AA /* DatabaseManager.swift */ = {isa = PBXFileReference; lastKnownFileType = sourcecode.swift; path = DatabaseManager.swift; sourceTree = "<group>"; };
		B55D818E258B9ABA0061B0AA /* StorageManager.swift */ = {isa = PBXFileReference; lastKnownFileType = sourcecode.swift; path = StorageManager.swift; sourceTree = "<group>"; };
		B583A73725824D260036F17C /* ProfileVC.swift */ = {isa = PBXFileReference; lastKnownFileType = sourcecode.swift; path = ProfileVC.swift; sourceTree = "<group>"; };
		B59931D52582258D00D9D857 /* PostHeaderTableViewCell.swift */ = {isa = PBXFileReference; lastKnownFileType = sourcecode.swift; path = PostHeaderTableViewCell.swift; sourceTree = "<group>"; };
		B59931D8258225AC00D9D857 /* PostTableViewCell.swift */ = {isa = PBXFileReference; lastKnownFileType = sourcecode.swift; path = PostTableViewCell.swift; sourceTree = "<group>"; };
		B59931DB258225CB00D9D857 /* PostActionsTableViewCell.swift */ = {isa = PBXFileReference; lastKnownFileType = sourcecode.swift; path = PostActionsTableViewCell.swift; sourceTree = "<group>"; };
		B5CD10BC257E29DC00E493F6 /* SettingsVC.swift */ = {isa = PBXFileReference; lastKnownFileType = sourcecode.swift; path = SettingsVC.swift; sourceTree = "<group>"; };
		B5CD10C0257E29EC00E493F6 /* NotificationsVC.swift */ = {isa = PBXFileReference; lastKnownFileType = sourcecode.swift; path = NotificationsVC.swift; sourceTree = "<group>"; };
		B5CD10C3257E2A0000E493F6 /* AddMushroomsVC.swift */ = {isa = PBXFileReference; lastKnownFileType = sourcecode.swift; path = AddMushroomsVC.swift; sourceTree = "<group>"; };
		B5CD10C6257E2A1700E493F6 /* MapsVC.swift */ = {isa = PBXFileReference; lastKnownFileType = sourcecode.swift; path = MapsVC.swift; sourceTree = "<group>"; };
		B5CD10CD257E339300E493F6 /* IconTextButton.swift */ = {isa = PBXFileReference; lastKnownFileType = sourcecode.swift; path = IconTextButton.swift; sourceTree = "<group>"; };
		B5CD10D1257E35E200E493F6 /* Roboto-Bold.ttf */ = {isa = PBXFileReference; lastKnownFileType = file; path = "Roboto-Bold.ttf"; sourceTree = "<group>"; };
		B5CD10D2257E35E200E493F6 /* Roboto-BlackItalic.ttf */ = {isa = PBXFileReference; lastKnownFileType = file; path = "Roboto-BlackItalic.ttf"; sourceTree = "<group>"; };
		B5CD10D3257E35E200E493F6 /* Roboto-LightItalic.ttf */ = {isa = PBXFileReference; lastKnownFileType = file; path = "Roboto-LightItalic.ttf"; sourceTree = "<group>"; };
		B5CD10D4257E35E300E493F6 /* Roboto-Medium.ttf */ = {isa = PBXFileReference; lastKnownFileType = file; path = "Roboto-Medium.ttf"; sourceTree = "<group>"; };
		B5CD10D5257E35E300E493F6 /* Roboto-Light.ttf */ = {isa = PBXFileReference; lastKnownFileType = file; path = "Roboto-Light.ttf"; sourceTree = "<group>"; };
		B5CD10D6257E35E300E493F6 /* Roboto-MediumItalic.ttf */ = {isa = PBXFileReference; lastKnownFileType = file; path = "Roboto-MediumItalic.ttf"; sourceTree = "<group>"; };
		B5CD10D7257E35E300E493F6 /* Roboto-Black.ttf */ = {isa = PBXFileReference; lastKnownFileType = file; path = "Roboto-Black.ttf"; sourceTree = "<group>"; };
		B5CD10D8257E35E300E493F6 /* Roboto-Thin.ttf */ = {isa = PBXFileReference; lastKnownFileType = file; path = "Roboto-Thin.ttf"; sourceTree = "<group>"; };
		B5CD10D9257E35E300E493F6 /* Roboto-Regular.ttf */ = {isa = PBXFileReference; lastKnownFileType = file; path = "Roboto-Regular.ttf"; sourceTree = "<group>"; };
		B5CD10DA257E35E300E493F6 /* Roboto-Italic.ttf */ = {isa = PBXFileReference; lastKnownFileType = file; path = "Roboto-Italic.ttf"; sourceTree = "<group>"; };
		B5CD10DB257E35E300E493F6 /* Roboto-ThinItalic.ttf */ = {isa = PBXFileReference; lastKnownFileType = file; path = "Roboto-ThinItalic.ttf"; sourceTree = "<group>"; };
		B5CD10DC257E35E300E493F6 /* Roboto-BoldItalic.ttf */ = {isa = PBXFileReference; lastKnownFileType = file; path = "Roboto-BoldItalic.ttf"; sourceTree = "<group>"; };
		B5CD10EA257E3DDA00E493F6 /* Extension.swift */ = {isa = PBXFileReference; lastKnownFileType = sourcecode.swift; path = Extension.swift; sourceTree = "<group>"; };
		B5FAC849257F6C3E00ED025F /* ForgotPasswordVC.swift */ = {isa = PBXFileReference; lastKnownFileType = sourcecode.swift; path = ForgotPasswordVC.swift; sourceTree = "<group>"; };
		B5FAC851257F724E00ED025F /* TextButton.swift */ = {isa = PBXFileReference; lastKnownFileType = sourcecode.swift; path = TextButton.swift; sourceTree = "<group>"; };
		B5FAC858257F7F9000ED025F /* LocationVC.swift */ = {isa = PBXFileReference; lastKnownFileType = sourcecode.swift; path = LocationVC.swift; sourceTree = "<group>"; };
		B5FAC85C257F9F0800ED025F /* EditProfileVC.swift */ = {isa = PBXFileReference; lastKnownFileType = sourcecode.swift; path = EditProfileVC.swift; sourceTree = "<group>"; };
		B5FD0BDF258622CC00E9B05A /* Models.swift */ = {isa = PBXFileReference; lastKnownFileType = sourcecode.swift; path = Models.swift; sourceTree = "<group>"; };
		BC1B7CD9FAF9597424055A68 /* Pods-Mushrooms.debug.xcconfig */ = {isa = PBXFileReference; includeInIndex = 1; lastKnownFileType = text.xcconfig; name = "Pods-Mushrooms.debug.xcconfig"; path = "Target Support Files/Pods-Mushrooms/Pods-Mushrooms.debug.xcconfig"; sourceTree = "<group>"; };
		C2F3BB30E34DF5AA27262382 /* Pods_Mushrooms.framework */ = {isa = PBXFileReference; explicitFileType = wrapper.framework; includeInIndex = 0; path = Pods_Mushrooms.framework; sourceTree = BUILT_PRODUCTS_DIR; };
/* End PBXFileReference section */

/* Begin PBXFrameworksBuildPhase section */
		B55256B0257E1D2F000D24DA /* Frameworks */ = {
			isa = PBXFrameworksBuildPhase;
			buildActionMask = 2147483647;
			files = (
				D39847F85A2A1EE263BF8F3D /* Pods_Mushrooms.framework in Frameworks */,
			);
			runOnlyForDeploymentPostprocessing = 0;
		};
/* End PBXFrameworksBuildPhase section */

/* Begin PBXGroup section */
		806293669BAFCCA72D769ABE /* Frameworks */ = {
			isa = PBXGroup;
			children = (
				C2F3BB30E34DF5AA27262382 /* Pods_Mushrooms.framework */,
			);
			name = Frameworks;
			sourceTree = "<group>";
		};
		B42B63E9DCCE76CA0BD58561 /* Pods */ = {
			isa = PBXGroup;
			children = (
				BC1B7CD9FAF9597424055A68 /* Pods-Mushrooms.debug.xcconfig */,
				802C8975F642B867D5C8B740 /* Pods-Mushrooms.release.xcconfig */,
			);
			path = Pods;
			sourceTree = "<group>";
		};
		B500C2B72580DA2D00D00AFB /* View */ = {
			isa = PBXGroup;
			children = (
				B500C2B92580DA4400D00AFB /* Cells */,
				B55256BC257E1D2F000D24DA /* Main.storyboard */,
				B55256BF257E1D30000D24DA /* Assets.xcassets */,
				B55256C1257E1D30000D24DA /* LaunchScreen.storyboard */,
			);
			path = View;
			sourceTree = "<group>";
		};
		B500C2B92580DA4400D00AFB /* Cells */ = {
			isa = PBXGroup;
			children = (
				B59931D3258224C100D9D857 /* Post */,
				B500C2BA2580DA5E00D00AFB /* NotificationTableViewCell.swift */,
			);
			path = Cells;
			sourceTree = "<group>";
		};
		B55256AA257E1D2F000D24DA = {
			isa = PBXGroup;
			children = (
				B55256B5257E1D2F000D24DA /* Mushrooms */,
				B55256B4257E1D2F000D24DA /* Products */,
				B42B63E9DCCE76CA0BD58561 /* Pods */,
				806293669BAFCCA72D769ABE /* Frameworks */,
			);
			sourceTree = "<group>";
		};
		B55256B4257E1D2F000D24DA /* Products */ = {
			isa = PBXGroup;
			children = (
				B55256B3257E1D2F000D24DA /* Mushrooms.app */,
			);
			name = Products;
			sourceTree = "<group>";
		};
		B55256B5257E1D2F000D24DA /* Mushrooms */ = {
			isa = PBXGroup;
			children = (
				B5FAC854257F729800ED025F /* Model */,
				B5CD10CB257E335300E493F6 /* Resources */,
				B55256D1257E227A000D24DA /* Controllers */,
				B5CD10D0257E35CC00E493F6 /* Fonts */,
				B500C2B72580DA2D00D00AFB /* View */,
				B5CD10CC257E337800E493F6 /* Helpers */,
				B55256C4257E1D30000D24DA /* Info.plist */,
			);
			path = Mushrooms;
			sourceTree = "<group>";
		};
		B55256D1257E227A000D24DA /* Controllers */ = {
			isa = PBXGroup;
			children = (
				B55256D3257E228E000D24DA /* Other */,
				B55256D2257E228A000D24DA /* Core Tabs */,
			);
			path = Controllers;
			sourceTree = "<group>";
		};
		B55256D2257E228A000D24DA /* Core Tabs */ = {
			isa = PBXGroup;
			children = (
				B55256BA257E1D2F000D24DA /* HomeVC.swift */,
				B5CD10BC257E29DC00E493F6 /* SettingsVC.swift */,
				B5CD10C0257E29EC00E493F6 /* NotificationsVC.swift */,
				B5CD10C3257E2A0000E493F6 /* AddMushroomsVC.swift */,
				B5CD10C6257E2A1700E493F6 /* MapsVC.swift */,
			);
			path = "Core Tabs";
			sourceTree = "<group>";
		};
		B55256D3257E228E000D24DA /* Other */ = {
			isa = PBXGroup;
			children = (
				B583A73625824CEF0036F17C /* General */,
				B55256D4257E22A2000D24DA /* Onboarding */,
			);
			path = Other;
			sourceTree = "<group>";
		};
		B55256D4257E22A2000D24DA /* Onboarding */ = {
			isa = PBXGroup;
			children = (
				B5FAC848257F6BBC00ED025F /* Login & Register */,
				B5FAC849257F6C3E00ED025F /* ForgotPasswordVC.swift */,
			);
			path = Onboarding;
			sourceTree = "<group>";
		};
		B583A73625824CEF0036F17C /* General */ = {
			isa = PBXGroup;
			children = (
				B5FAC858257F7F9000ED025F /* LocationVC.swift */,
				B5FAC85C257F9F0800ED025F /* EditProfileVC.swift */,
				B500C2B42580AF6700D00AFB /* ChangePasswordVC.swift */,
				B583A73725824D260036F17C /* ProfileVC.swift */,
			);
			path = General;
			sourceTree = "<group>";
		};
		B59931D3258224C100D9D857 /* Post */ = {
			isa = PBXGroup;
			children = (
				B59931D52582258D00D9D857 /* PostHeaderTableViewCell.swift */,
				B59931D8258225AC00D9D857 /* PostTableViewCell.swift */,
				B59931DB258225CB00D9D857 /* PostActionsTableViewCell.swift */,
			);
			path = Post;
			sourceTree = "<group>";
		};
		B5CD10CB257E335300E493F6 /* Resources */ = {
			isa = PBXGroup;
			children = (
				B55256B6257E1D2F000D24DA /* AppDelegate.swift */,
				B55256B8257E1D2F000D24DA /* SceneDelegate.swift */,
				B55D818B258B9A970061B0AA /* DatabaseManager.swift */,
				B55D818E258B9ABA0061B0AA /* StorageManager.swift */,
			);
			path = Resources;
			sourceTree = "<group>";
		};
		B5CD10CC257E337800E493F6 /* Helpers */ = {
			isa = PBXGroup;
			children = (
				B5CD10CD257E339300E493F6 /* IconTextButton.swift */,
				B5CD10EA257E3DDA00E493F6 /* Extension.swift */,
				B5FAC851257F724E00ED025F /* TextButton.swift */,
			);
			path = Helpers;
			sourceTree = "<group>";
		};
		B5CD10D0257E35CC00E493F6 /* Fonts */ = {
			isa = PBXGroup;
			children = (
				B5CD10D7257E35E300E493F6 /* Roboto-Black.ttf */,
				B5CD10D2257E35E200E493F6 /* Roboto-BlackItalic.ttf */,
				B5CD10D1257E35E200E493F6 /* Roboto-Bold.ttf */,
				B5CD10DC257E35E300E493F6 /* Roboto-BoldItalic.ttf */,
				B5CD10DA257E35E300E493F6 /* Roboto-Italic.ttf */,
				B5CD10D5257E35E300E493F6 /* Roboto-Light.ttf */,
				B5CD10D3257E35E200E493F6 /* Roboto-LightItalic.ttf */,
				B5CD10D4257E35E300E493F6 /* Roboto-Medium.ttf */,
				B5CD10D6257E35E300E493F6 /* Roboto-MediumItalic.ttf */,
				B5CD10D9257E35E300E493F6 /* Roboto-Regular.ttf */,
				B5CD10D8257E35E300E493F6 /* Roboto-Thin.ttf */,
				B5CD10DB257E35E300E493F6 /* Roboto-ThinItalic.ttf */,
			);
			path = Fonts;
			sourceTree = "<group>";
		};
		B5FAC848257F6BBC00ED025F /* Login & Register */ = {
			isa = PBXGroup;
			children = (
				B55256CE257E224C000D24DA /* RegisterVC.swift */,
				B55256CB257E223E000D24DA /* LoginVC.swift */,
			);
			path = "Login & Register";
			sourceTree = "<group>";
		};
		B5FAC854257F729800ED025F /* Model */ = {
			isa = PBXGroup;
			children = (
				B5FD0BDF258622CC00E9B05A /* Models.swift */,
			);
			path = Model;
			sourceTree = "<group>";
		};
/* End PBXGroup section */

/* Begin PBXNativeTarget section */
		B55256B2257E1D2F000D24DA /* Mushrooms */ = {
			isa = PBXNativeTarget;
			buildConfigurationList = B55256C7257E1D30000D24DA /* Build configuration list for PBXNativeTarget "Mushrooms" */;
			buildPhases = (
				0C8143886F0D1F59D2C817EE /* [CP] Check Pods Manifest.lock */,
				B55256AF257E1D2F000D24DA /* Sources */,
				B55256B0257E1D2F000D24DA /* Frameworks */,
				B55256B1257E1D2F000D24DA /* Resources */,
				05B7BDB55A687D654983CC0E /* [CP] Embed Pods Frameworks */,
			);
			buildRules = (
			);
			dependencies = (
			);
			name = Mushrooms;
			productName = Mushrooms;
			productReference = B55256B3257E1D2F000D24DA /* Mushrooms.app */;
			productType = "com.apple.product-type.application";
		};
/* End PBXNativeTarget section */

/* Begin PBXProject section */
		B55256AB257E1D2F000D24DA /* Project object */ = {
			isa = PBXProject;
			attributes = {
				LastSwiftUpdateCheck = 1220;
				LastUpgradeCheck = 1220;
				TargetAttributes = {
					B55256B2257E1D2F000D24DA = {
						CreatedOnToolsVersion = 12.2;
					};
				};
			};
			buildConfigurationList = B55256AE257E1D2F000D24DA /* Build configuration list for PBXProject "Mushrooms" */;
			compatibilityVersion = "Xcode 9.3";
			developmentRegion = en;
			hasScannedForEncodings = 0;
			knownRegions = (
				en,
				Base,
			);
			mainGroup = B55256AA257E1D2F000D24DA;
			productRefGroup = B55256B4257E1D2F000D24DA /* Products */;
			projectDirPath = "";
			projectRoot = "";
			targets = (
				B55256B2257E1D2F000D24DA /* Mushrooms */,
			);
		};
/* End PBXProject section */

/* Begin PBXResourcesBuildPhase section */
		B55256B1257E1D2F000D24DA /* Resources */ = {
			isa = PBXResourcesBuildPhase;
			buildActionMask = 2147483647;
			files = (
				B55256C3257E1D30000D24DA /* LaunchScreen.storyboard in Resources */,
				B55256C0257E1D30000D24DA /* Assets.xcassets in Resources */,
				B5CD10DF257E35E300E493F6 /* Roboto-LightItalic.ttf in Resources */,
				B5CD10E8257E35E300E493F6 /* Roboto-BoldItalic.ttf in Resources */,
				B5CD10E0257E35E300E493F6 /* Roboto-Medium.ttf in Resources */,
				B5CD10E4257E35E300E493F6 /* Roboto-Thin.ttf in Resources */,
				B5CD10E6257E35E300E493F6 /* Roboto-Italic.ttf in Resources */,
				B5CD10DE257E35E300E493F6 /* Roboto-BlackItalic.ttf in Resources */,
				B5CD10E5257E35E300E493F6 /* Roboto-Regular.ttf in Resources */,
				B5CD10DD257E35E300E493F6 /* Roboto-Bold.ttf in Resources */,
				B5CD10E1257E35E300E493F6 /* Roboto-Light.ttf in Resources */,
				B5CD10E7257E35E300E493F6 /* Roboto-ThinItalic.ttf in Resources */,
				B5CD10E3257E35E300E493F6 /* Roboto-Black.ttf in Resources */,
				B5CD10E2257E35E300E493F6 /* Roboto-MediumItalic.ttf in Resources */,
				B55256BE257E1D2F000D24DA /* Main.storyboard in Resources */,
			);
			runOnlyForDeploymentPostprocessing = 0;
		};
/* End PBXResourcesBuildPhase section */

/* Begin PBXShellScriptBuildPhase section */
		05B7BDB55A687D654983CC0E /* [CP] Embed Pods Frameworks */ = {
			isa = PBXShellScriptBuildPhase;
			buildActionMask = 2147483647;
			files = (
			);
			inputFileListPaths = (
				"${PODS_ROOT}/Target Support Files/Pods-Mushrooms/Pods-Mushrooms-frameworks-${CONFIGURATION}-input-files.xcfilelist",
			);
			name = "[CP] Embed Pods Frameworks";
			outputFileListPaths = (
				"${PODS_ROOT}/Target Support Files/Pods-Mushrooms/Pods-Mushrooms-frameworks-${CONFIGURATION}-output-files.xcfilelist",
			);
			runOnlyForDeploymentPostprocessing = 0;
			shellPath = /bin/sh;
			shellScript = "\"${PODS_ROOT}/Target Support Files/Pods-Mushrooms/Pods-Mushrooms-frameworks.sh\"\n";
			showEnvVarsInLog = 0;
		};
		0C8143886F0D1F59D2C817EE /* [CP] Check Pods Manifest.lock */ = {
			isa = PBXShellScriptBuildPhase;
			buildActionMask = 2147483647;
			files = (
			);
			inputFileListPaths = (
			);
			inputPaths = (
				"${PODS_PODFILE_DIR_PATH}/Podfile.lock",
				"${PODS_ROOT}/Manifest.lock",
			);
			name = "[CP] Check Pods Manifest.lock";
			outputFileListPaths = (
			);
			outputPaths = (
				"$(DERIVED_FILE_DIR)/Pods-Mushrooms-checkManifestLockResult.txt",
			);
			runOnlyForDeploymentPostprocessing = 0;
			shellPath = /bin/sh;
			shellScript = "diff \"${PODS_PODFILE_DIR_PATH}/Podfile.lock\" \"${PODS_ROOT}/Manifest.lock\" > /dev/null\nif [ $? != 0 ] ; then\n    # print error to STDERR\n    echo \"error: The sandbox is not in sync with the Podfile.lock. Run 'pod install' or update your CocoaPods installation.\" >&2\n    exit 1\nfi\n# This output is used by Xcode 'outputs' to avoid re-running this script phase.\necho \"SUCCESS\" > \"${SCRIPT_OUTPUT_FILE_0}\"\n";
			showEnvVarsInLog = 0;
		};
/* End PBXShellScriptBuildPhase section */

/* Begin PBXSourcesBuildPhase section */
		B55256AF257E1D2F000D24DA /* Sources */ = {
			isa = PBXSourcesBuildPhase;
			buildActionMask = 2147483647;
			files = (
				B500C2BB2580DA5E00D00AFB /* NotificationTableViewCell.swift in Sources */,
				B55256BB257E1D2F000D24DA /* HomeVC.swift in Sources */,
				B55D818F258B9ABA0061B0AA /* StorageManager.swift in Sources */,
				B59931D62582258D00D9D857 /* PostHeaderTableViewCell.swift in Sources */,
				B55256B7257E1D2F000D24DA /* AppDelegate.swift in Sources */,
				B5FAC84A257F6C3E00ED025F /* ForgotPasswordVC.swift in Sources */,
				B5FAC852257F724E00ED025F /* TextButton.swift in Sources */,
				B500C2B52580AF6800D00AFB /* ChangePasswordVC.swift in Sources */,
				B5CD10C7257E2A1700E493F6 /* MapsVC.swift in Sources */,
				B55D818C258B9A970061B0AA /* DatabaseManager.swift in Sources */,
				B5FAC859257F7F9000ED025F /* LocationVC.swift in Sources */,
				B55256CC257E223E000D24DA /* LoginVC.swift in Sources */,
				B5CD10EB257E3DDA00E493F6 /* Extension.swift in Sources */,
				B5CD10CE257E339300E493F6 /* IconTextButton.swift in Sources */,
				B59931D9258225AC00D9D857 /* PostTableViewCell.swift in Sources */,
				B55256B9257E1D2F000D24DA /* SceneDelegate.swift in Sources */,
				B55256CF257E224C000D24DA /* RegisterVC.swift in Sources */,
				B5CD10C1257E29EC00E493F6 /* NotificationsVC.swift in Sources */,
				B5CD10C4257E2A0000E493F6 /* AddMushroomsVC.swift in Sources */,
				B59931DC258225CB00D9D857 /* PostActionsTableViewCell.swift in Sources */,
				B5FAC85D257F9F0800ED025F /* EditProfileVC.swift in Sources */,
				B583A73825824D260036F17C /* ProfileVC.swift in Sources */,
				B5CD10BD257E29DC00E493F6 /* SettingsVC.swift in Sources */,
				B5FD0BE0258622CC00E9B05A /* Models.swift in Sources */,
			);
			runOnlyForDeploymentPostprocessing = 0;
		};
/* End PBXSourcesBuildPhase section */

/* Begin PBXVariantGroup section */
		B55256BC257E1D2F000D24DA /* Main.storyboard */ = {
			isa = PBXVariantGroup;
			children = (
				B55256BD257E1D2F000D24DA /* Base */,
			);
			name = Main.storyboard;
			sourceTree = "<group>";
		};
		B55256C1257E1D30000D24DA /* LaunchScreen.storyboard */ = {
			isa = PBXVariantGroup;
			children = (
				B55256C2257E1D30000D24DA /* Base */,
			);
			name = LaunchScreen.storyboard;
			sourceTree = "<group>";
		};
/* End PBXVariantGroup section */

/* Begin XCBuildConfiguration section */
		B55256C5257E1D30000D24DA /* Debug */ = {
			isa = XCBuildConfiguration;
			buildSettings = {
				ALWAYS_SEARCH_USER_PATHS = NO;
				CLANG_ANALYZER_NONNULL = YES;
				CLANG_ANALYZER_NUMBER_OBJECT_CONVERSION = YES_AGGRESSIVE;
				CLANG_CXX_LANGUAGE_STANDARD = "gnu++14";
				CLANG_CXX_LIBRARY = "libc++";
				CLANG_ENABLE_MODULES = YES;
				CLANG_ENABLE_OBJC_ARC = YES;
				CLANG_ENABLE_OBJC_WEAK = YES;
				CLANG_WARN_BLOCK_CAPTURE_AUTORELEASING = YES;
				CLANG_WARN_BOOL_CONVERSION = YES;
				CLANG_WARN_COMMA = YES;
				CLANG_WARN_CONSTANT_CONVERSION = YES;
				CLANG_WARN_DEPRECATED_OBJC_IMPLEMENTATIONS = YES;
				CLANG_WARN_DIRECT_OBJC_ISA_USAGE = YES_ERROR;
				CLANG_WARN_DOCUMENTATION_COMMENTS = YES;
				CLANG_WARN_EMPTY_BODY = YES;
				CLANG_WARN_ENUM_CONVERSION = YES;
				CLANG_WARN_INFINITE_RECURSION = YES;
				CLANG_WARN_INT_CONVERSION = YES;
				CLANG_WARN_NON_LITERAL_NULL_CONVERSION = YES;
				CLANG_WARN_OBJC_IMPLICIT_RETAIN_SELF = YES;
				CLANG_WARN_OBJC_LITERAL_CONVERSION = YES;
				CLANG_WARN_OBJC_ROOT_CLASS = YES_ERROR;
				CLANG_WARN_QUOTED_INCLUDE_IN_FRAMEWORK_HEADER = YES;
				CLANG_WARN_RANGE_LOOP_ANALYSIS = YES;
				CLANG_WARN_STRICT_PROTOTYPES = YES;
				CLANG_WARN_SUSPICIOUS_MOVE = YES;
				CLANG_WARN_UNGUARDED_AVAILABILITY = YES_AGGRESSIVE;
				CLANG_WARN_UNREACHABLE_CODE = YES;
				CLANG_WARN__DUPLICATE_METHOD_MATCH = YES;
				COPY_PHASE_STRIP = NO;
				DEBUG_INFORMATION_FORMAT = dwarf;
				ENABLE_STRICT_OBJC_MSGSEND = YES;
				ENABLE_TESTABILITY = YES;
				GCC_C_LANGUAGE_STANDARD = gnu11;
				GCC_DYNAMIC_NO_PIC = NO;
				GCC_NO_COMMON_BLOCKS = YES;
				GCC_OPTIMIZATION_LEVEL = 0;
				GCC_PREPROCESSOR_DEFINITIONS = (
					"DEBUG=1",
					"$(inherited)",
				);
				GCC_WARN_64_TO_32_BIT_CONVERSION = YES;
				GCC_WARN_ABOUT_RETURN_TYPE = YES_ERROR;
				GCC_WARN_UNDECLARED_SELECTOR = YES;
				GCC_WARN_UNINITIALIZED_AUTOS = YES_AGGRESSIVE;
				GCC_WARN_UNUSED_FUNCTION = YES;
				GCC_WARN_UNUSED_VARIABLE = YES;
				IPHONEOS_DEPLOYMENT_TARGET = 14.2;
				MTL_ENABLE_DEBUG_INFO = INCLUDE_SOURCE;
				MTL_FAST_MATH = YES;
				ONLY_ACTIVE_ARCH = YES;
				SDKROOT = iphoneos;
				SWIFT_ACTIVE_COMPILATION_CONDITIONS = DEBUG;
				SWIFT_OPTIMIZATION_LEVEL = "-Onone";
			};
			name = Debug;
		};
		B55256C6257E1D30000D24DA /* Release */ = {
			isa = XCBuildConfiguration;
			buildSettings = {
				ALWAYS_SEARCH_USER_PATHS = NO;
				CLANG_ANALYZER_NONNULL = YES;
				CLANG_ANALYZER_NUMBER_OBJECT_CONVERSION = YES_AGGRESSIVE;
				CLANG_CXX_LANGUAGE_STANDARD = "gnu++14";
				CLANG_CXX_LIBRARY = "libc++";
				CLANG_ENABLE_MODULES = YES;
				CLANG_ENABLE_OBJC_ARC = YES;
				CLANG_ENABLE_OBJC_WEAK = YES;
				CLANG_WARN_BLOCK_CAPTURE_AUTORELEASING = YES;
				CLANG_WARN_BOOL_CONVERSION = YES;
				CLANG_WARN_COMMA = YES;
				CLANG_WARN_CONSTANT_CONVERSION = YES;
				CLANG_WARN_DEPRECATED_OBJC_IMPLEMENTATIONS = YES;
				CLANG_WARN_DIRECT_OBJC_ISA_USAGE = YES_ERROR;
				CLANG_WARN_DOCUMENTATION_COMMENTS = YES;
				CLANG_WARN_EMPTY_BODY = YES;
				CLANG_WARN_ENUM_CONVERSION = YES;
				CLANG_WARN_INFINITE_RECURSION = YES;
				CLANG_WARN_INT_CONVERSION = YES;
				CLANG_WARN_NON_LITERAL_NULL_CONVERSION = YES;
				CLANG_WARN_OBJC_IMPLICIT_RETAIN_SELF = YES;
				CLANG_WARN_OBJC_LITERAL_CONVERSION = YES;
				CLANG_WARN_OBJC_ROOT_CLASS = YES_ERROR;
				CLANG_WARN_QUOTED_INCLUDE_IN_FRAMEWORK_HEADER = YES;
				CLANG_WARN_RANGE_LOOP_ANALYSIS = YES;
				CLANG_WARN_STRICT_PROTOTYPES = YES;
				CLANG_WARN_SUSPICIOUS_MOVE = YES;
				CLANG_WARN_UNGUARDED_AVAILABILITY = YES_AGGRESSIVE;
				CLANG_WARN_UNREACHABLE_CODE = YES;
				CLANG_WARN__DUPLICATE_METHOD_MATCH = YES;
				COPY_PHASE_STRIP = NO;
				DEBUG_INFORMATION_FORMAT = "dwarf-with-dsym";
				ENABLE_NS_ASSERTIONS = NO;
				ENABLE_STRICT_OBJC_MSGSEND = YES;
				GCC_C_LANGUAGE_STANDARD = gnu11;
				GCC_NO_COMMON_BLOCKS = YES;
				GCC_WARN_64_TO_32_BIT_CONVERSION = YES;
				GCC_WARN_ABOUT_RETURN_TYPE = YES_ERROR;
				GCC_WARN_UNDECLARED_SELECTOR = YES;
				GCC_WARN_UNINITIALIZED_AUTOS = YES_AGGRESSIVE;
				GCC_WARN_UNUSED_FUNCTION = YES;
				GCC_WARN_UNUSED_VARIABLE = YES;
				IPHONEOS_DEPLOYMENT_TARGET = 14.2;
				MTL_ENABLE_DEBUG_INFO = NO;
				MTL_FAST_MATH = YES;
				SDKROOT = iphoneos;
				SWIFT_COMPILATION_MODE = wholemodule;
				SWIFT_OPTIMIZATION_LEVEL = "-O";
				VALIDATE_PRODUCT = YES;
			};
			name = Release;
		};
		B55256C8257E1D30000D24DA /* Debug */ = {
			isa = XCBuildConfiguration;
			baseConfigurationReference = BC1B7CD9FAF9597424055A68 /* Pods-Mushrooms.debug.xcconfig */;
			buildSettings = {
				ASSETCATALOG_COMPILER_APPICON_NAME = AppIcon;
				ASSETCATALOG_COMPILER_GLOBAL_ACCENT_COLOR_NAME = AccentColor;
				CODE_SIGN_STYLE = Automatic;
				DEVELOPMENT_TEAM = 7AYM348U3Y;
				INFOPLIST_FILE = Mushrooms/Info.plist;
				LD_RUNPATH_SEARCH_PATHS = (
					"$(inherited)",
					"@executable_path/Frameworks",
				);
				PRODUCT_BUNDLE_IDENTIFIER = com.bilaldurnagol.Mushrooms;
				PRODUCT_NAME = "$(TARGET_NAME)";
				SWIFT_VERSION = 5.0;
				TARGETED_DEVICE_FAMILY = "1,2";
			};
			name = Debug;
		};
		B55256C9257E1D30000D24DA /* Release */ = {
			isa = XCBuildConfiguration;
			baseConfigurationReference = 802C8975F642B867D5C8B740 /* Pods-Mushrooms.release.xcconfig */;
			buildSettings = {
				ASSETCATALOG_COMPILER_APPICON_NAME = AppIcon;
				ASSETCATALOG_COMPILER_GLOBAL_ACCENT_COLOR_NAME = AccentColor;
				CODE_SIGN_STYLE = Automatic;
				DEVELOPMENT_TEAM = 7AYM348U3Y;
				INFOPLIST_FILE = Mushrooms/Info.plist;
				LD_RUNPATH_SEARCH_PATHS = (
					"$(inherited)",
					"@executable_path/Frameworks",
				);
				PRODUCT_BUNDLE_IDENTIFIER = com.bilaldurnagol.Mushrooms;
				PRODUCT_NAME = "$(TARGET_NAME)";
				SWIFT_VERSION = 5.0;
				TARGETED_DEVICE_FAMILY = "1,2";
			};
			name = Release;
		};
/* End XCBuildConfiguration section */

/* Begin XCConfigurationList section */
		B55256AE257E1D2F000D24DA /* Build configuration list for PBXProject "Mushrooms" */ = {
			isa = XCConfigurationList;
			buildConfigurations = (
				B55256C5257E1D30000D24DA /* Debug */,
				B55256C6257E1D30000D24DA /* Release */,
			);
			defaultConfigurationIsVisible = 0;
			defaultConfigurationName = Release;
		};
		B55256C7257E1D30000D24DA /* Build configuration list for PBXNativeTarget "Mushrooms" */ = {
			isa = XCConfigurationList;
			buildConfigurations = (
				B55256C8257E1D30000D24DA /* Debug */,
				B55256C9257E1D30000D24DA /* Release */,
			);
			defaultConfigurationIsVisible = 0;
			defaultConfigurationName = Release;
		};
/* End XCConfigurationList section */
	};
	rootObject = B55256AB257E1D2F000D24DA /* Project object */;
}
